
Microsoft Visual Studio Solution File, Format Version 12.00
# Visual Studio Version 17
VisualStudioVersion = 17.13.35919.96
MinimumVisualStudioVersion = 10.0.40219.1
Project("{FAE04EC0-301F-11D3-BF4B-00C04F79EFBC}") = "education", "education\education.csproj", "{4327CD98-3832-460D-B3B9-94CC11008F48}"
EndProject
Global
	GlobalSection(SolutionConfigurationPlatforms) = preSolution
		Debug|Any CPU = Debug|Any CPU
		Release|Any CPU = Release|Any CPU
	EndGlobalSection
	GlobalSection(ProjectConfigurationPlatforms) = postSolution
		{4327CD98-3832-460D-B3B9-94CC11008F48}.Debug|Any CPU.ActiveCfg = Debug|Any CPU
		{4327CD98-3832-460D-B3B9-94CC11008F48}.Debug|Any CPU.Build.0 = Debug|Any CPU
		{4327CD98-3832-460D-B3B9-94CC11008F48}.Release|Any CPU.ActiveCfg = Release|Any CPU
		{4327CD98-3832-460D-B3B9-94CC11008F48}.Release|Any CPU.Build.0 = Release|Any CPU
	EndGlobalSection
	GlobalSection(SolutionProperties) = preSolution
		HideSolutionNode = FALSE
	EndGlobalSection
	GlobalSection(ExtensibilityGlobals) = postSolution
		SolutionGuid = {4F76B7A4-AAA3-4E9B-8430-FBE6F9A0E06C}
	EndGlobalSection
EndGlobal
